
Microsoft Visual Studio Solution File, Format Version 12.00
# Visual Studio Version 17
VisualStudioVersion = 17.3.32505.426
MinimumVisualStudioVersion = 10.0.40219.1
Project("{888888A0-9F3D-457C-B088-3A5042F75D52}") = "PythonApplication48", "PythonApplication48.pyproj", "{C6363308-300B-4BEE-BC5D-A67C8DD3B14F}"
EndProject
Global
	GlobalSection(SolutionConfigurationPlatforms) = preSolution
		Debug|Any CPU = Debug|Any CPU
		Release|Any CPU = Release|Any CPU
	EndGlobalSection
	GlobalSection(ProjectConfigurationPlatforms) = postSolution
		{C6363308-300B-4BEE-BC5D-A67C8DD3B14F}.Debug|Any CPU.ActiveCfg = Debug|Any CPU
		{C6363308-300B-4BEE-BC5D-A67C8DD3B14F}.Release|Any CPU.ActiveCfg = Release|Any CPU
	EndGlobalSection
	GlobalSection(SolutionProperties) = preSolution
		HideSolutionNode = FALSE
	EndGlobalSection
	GlobalSection(ExtensibilityGlobals) = postSolution
		SolutionGuid = {EF4274FE-6F0E-46D9-9679-A33843313CCE}
	EndGlobalSection
EndGlobal
